
Microsoft Visual Studio Solution File, Format Version 12.00
# Visual Studio Version 17
VisualStudioVersion = 17.0.31912.275
MinimumVisualStudioVersion = 10.0.40219.1
Project("{2150E333-8FDC-42A3-9474-1A3956D46DE8}") = "Core", "Core", "{8539C80A-72C9-4199-9B58-4F6BFD0EF04B}"
EndProject
Project("{9A19103F-16F7-4668-BE54-9A1E7A4F7556}") = "CompiledBindings.Core", "source\CompiledBindings.Core\CompiledBindings.Core.csproj", "{5C7E00FD-1C0D-45D1-B4E8-B18C729C2FD8}"
EndProject
Project("{2150E333-8FDC-42A3-9474-1A3956D46DE8}") = "WPF", "WPF", "{8D6AE562-B45D-457E-8A85-375C1E508ABC}"
EndProject
Project("{2150E333-8FDC-42A3-9474-1A3956D46DE8}") = "XF", "XF", "{1AC8082A-6C6E-4E67-835E-59FF41E31C67}"
EndProject
Project("{2150E333-8FDC-42A3-9474-1A3956D46DE8}") = "UnitTests", "UnitTests", "{D68F9785-1BCC-4BF5-AA55-2BF91E768A5E}"
EndProject
Project("{9A19103F-16F7-4668-BE54-9A1E7A4F7556}") = "WPFTest", "source\WPF\WPFTest\WPFTest.csproj", "{4C756EDC-E168-4942-B668-3370F4AF6A5B}"
EndProject
Project("{9A19103F-16F7-4668-BE54-9A1E7A4F7556}") = "XFTest", "source\XF\XFTest\XFTest.csproj", "{2B06ACC3-6614-4DC9-9269-9D71197284E0}"
EndProject
Project("{FAE04EC0-301F-11D3-BF4B-00C04F79EFBC}") = "XFTest.UWP", "source\XF\XFTest.UWP\XFTest.UWP.csproj", "{5E3F18A4-F508-4B73-80C1-80F15B9EA491}"
EndProject
Project("{9A19103F-16F7-4668-BE54-9A1E7A4F7556}") = "CompiledBindings.Tests", "source\CompiledBindings.Tests\CompiledBindings.Tests.csproj", "{E0BD5531-4CAF-43D9-BFF2-DC1EA7F58B21}"
EndProject
Project("{2150E333-8FDC-42A3-9474-1A3956D46DE8}") = "Demos", "Demos", "{C85EC57B-1420-4BDA-B2DC-3F1312235ADA}"
EndProject
Project("{9A19103F-16F7-4668-BE54-9A1E7A4F7556}") = "PreformanceCompareApp", "source\PerformanceCompareApp\PreformanceCompareApp.csproj", "{3588D6E1-43FC-48E5-B5CC-D17C8A913006}"
EndProject
Project("{2150E333-8FDC-42A3-9474-1A3956D46DE8}") = "MAUI", "MAUI", "{32155717-746E-46F8-AAA8-93A6ED489CE0}"
EndProject
Project("{9A19103F-16F7-4668-BE54-9A1E7A4F7556}") = "MauiTest", "source\MAUI\MauiTest\MauiTest.csproj", "{2144E4E3-B5F6-4E38-8367-17D5247AB009}"
EndProject
Project("{2150E333-8FDC-42A3-9474-1A3956D46DE8}") = "WinUI", "WinUI", "{F732834A-E129-4B2B-95C1-EC9CA77DC36F}"
EndProject
Project("{9A19103F-16F7-4668-BE54-9A1E7A4F7556}") = "WinUITest", "source\WinUI\WinUITest\WinUITest.csproj", "{F72F5EB3-0BDF-44F7-84B0-56017E32E8B8}"
EndProject
Project("{2150E333-8FDC-42A3-9474-1A3956D46DE8}") = "UWP", "UWP", "{04D7D30C-0D15-4A20-A126-294015A7AEBF}"
EndProject
Project("{FAE04EC0-301F-11D3-BF4B-00C04F79EFBC}") = "UWPTest", "source\UWP\UWPTest\UWPTest.csproj", "{52F64033-CEAF-4ECA-9FAB-4CC376F17CD3}"
EndProject
Project("{9A19103F-16F7-4668-BE54-9A1E7A4F7556}") = "CompiledBindings.WPF", "source\WPF\CompiledBindings.WPF\CompiledBindings.WPF.csproj", "{85AF91CC-25CF-4A2A-B18A-3A7D2A133D2E}"
EndProject
Project("{9A19103F-16F7-4668-BE54-9A1E7A4F7556}") = "CompiledBindings.WPF.BuildTasks", "source\WPF\CompiledBindings.WPF.BuildTasks\CompiledBindings.WPF.BuildTasks.csproj", "{C7FF7EFA-92D4-4463-BDC2-851C528C14EC}"
EndProject
Project("{9A19103F-16F7-4668-BE54-9A1E7A4F7556}") = "CompiledBindings.XF", "source\XF\CompiledBindings.XF\CompiledBindings.XF.csproj", "{FCC40FDB-A936-4049-883A-8ED116371D32}"
EndProject
Project("{9A19103F-16F7-4668-BE54-9A1E7A4F7556}") = "CompiledBindings.XF.BuildTasks", "source\XF\CompiledBindings.XF.BuildTasks\CompiledBindings.XF.BuildTasks.csproj", "{AFB0FD4D-0F56-415B-BE8A-1FE38476C5EC}"
EndProject
Project("{9A19103F-16F7-4668-BE54-9A1E7A4F7556}") = "CompiledBindings.WinUI", "source\WinUI\CompiledBindings.WinUI\CompiledBindings.WinUI.csproj", "{192A06D3-AA67-463B-96F8-605779854408}"
EndProject
Project("{9A19103F-16F7-4668-BE54-9A1E7A4F7556}") = "CompiledBindings.WinUI.BuildTasks", "source\WinUI\CompiledBindings.WinUI.BuildTasks\CompiledBindings.WinUI.BuildTasks.csproj", "{76FC2A30-F2D1-44D1-B3D2-2B725A4826DA}"
EndProject
Project("{9A19103F-16F7-4668-BE54-9A1E7A4F7556}") = "CompiledBindings.UWP", "source\UWP\CompiledBindings.UWP\CompiledBindings.UWP.csproj", "{A08518BB-1D83-4C40-9BBC-7EE7C290195D}"
EndProject
Project("{9A19103F-16F7-4668-BE54-9A1E7A4F7556}") = "CompiledBindings.UWP.BuildTasks", "source\UWP\CompiledBindings.UWP.BuildTasks\CompiledBindings.UWP.BuildTasks.csproj", "{DF3FB286-203F-4D9F-80A6-730F916AD38A}"
EndProject
Project("{9A19103F-16F7-4668-BE54-9A1E7A4F7556}") = "CompiledBindings.MAUI", "source\MAUI\CompiledBindings.MAUI\CompiledBindings.MAUI.csproj", "{2B884120-B513-4C50-978E-A91E7BEF949C}"
EndProject
Project("{9A19103F-16F7-4668-BE54-9A1E7A4F7556}") = "CompiledBindings.MAUI.BuildTasks", "source\MAUI\CompiledBindings.MAUI.BuildTasks\CompiledBindings.MAUI.BuildTasks.csproj", "{DC7C53BC-AEDD-422B-880D-D9814F343A00}"
EndProject
Global
	GlobalSection(SolutionConfigurationPlatforms) = preSolution
		Debug|Any CPU = Debug|Any CPU
		Debug|ARM = Debug|ARM
		Debug|ARM64 = Debug|ARM64
		Debug|x64 = Debug|x64
		Debug|x86 = Debug|x86
		Release|Any CPU = Release|Any CPU
		Release|ARM = Release|ARM
		Release|ARM64 = Release|ARM64
		Release|x64 = Release|x64
		Release|x86 = Release|x86
	EndGlobalSection
	GlobalSection(ProjectConfigurationPlatforms) = postSolution
		{5C7E00FD-1C0D-45D1-B4E8-B18C729C2FD8}.Debug|Any CPU.ActiveCfg = Debug|Any CPU
		{5C7E00FD-1C0D-45D1-B4E8-B18C729C2FD8}.Debug|Any CPU.Build.0 = Debug|Any CPU
		{5C7E00FD-1C0D-45D1-B4E8-B18C729C2FD8}.Debug|ARM.ActiveCfg = Debug|Any CPU
		{5C7E00FD-1C0D-45D1-B4E8-B18C729C2FD8}.Debug|ARM.Build.0 = Debug|Any CPU
		{5C7E00FD-1C0D-45D1-B4E8-B18C729C2FD8}.Debug|ARM64.ActiveCfg = Debug|Any CPU
		{5C7E00FD-1C0D-45D1-B4E8-B18C729C2FD8}.Debug|ARM64.Build.0 = Debug|Any CPU
		{5C7E00FD-1C0D-45D1-B4E8-B18C729C2FD8}.Debug|x64.ActiveCfg = Debug|Any CPU
		{5C7E00FD-1C0D-45D1-B4E8-B18C729C2FD8}.Debug|x64.Build.0 = Debug|Any CPU
		{5C7E00FD-1C0D-45D1-B4E8-B18C729C2FD8}.Debug|x86.ActiveCfg = Debug|Any CPU
		{5C7E00FD-1C0D-45D1-B4E8-B18C729C2FD8}.Debug|x86.Build.0 = Debug|Any CPU
		{5C7E00FD-1C0D-45D1-B4E8-B18C729C2FD8}.Release|Any CPU.ActiveCfg = Release|Any CPU
		{5C7E00FD-1C0D-45D1-B4E8-B18C729C2FD8}.Release|Any CPU.Build.0 = Release|Any CPU
		{5C7E00FD-1C0D-45D1-B4E8-B18C729C2FD8}.Release|ARM.ActiveCfg = Release|Any CPU
		{5C7E00FD-1C0D-45D1-B4E8-B18C729C2FD8}.Release|ARM.Build.0 = Release|Any CPU
		{5C7E00FD-1C0D-45D1-B4E8-B18C729C2FD8}.Release|ARM64.ActiveCfg = Release|Any CPU
		{5C7E00FD-1C0D-45D1-B4E8-B18C729C2FD8}.Release|ARM64.Build.0 = Release|Any CPU
		{5C7E00FD-1C0D-45D1-B4E8-B18C729C2FD8}.Release|x64.ActiveCfg = Release|Any CPU
		{5C7E00FD-1C0D-45D1-B4E8-B18C729C2FD8}.Release|x64.Build.0 = Release|Any CPU
		{5C7E00FD-1C0D-45D1-B4E8-B18C729C2FD8}.Release|x86.ActiveCfg = Release|Any CPU
		{5C7E00FD-1C0D-45D1-B4E8-B18C729C2FD8}.Release|x86.Build.0 = Release|Any CPU
		{4C756EDC-E168-4942-B668-3370F4AF6A5B}.Debug|Any CPU.ActiveCfg = Debug|Any CPU
		{4C756EDC-E168-4942-B668-3370F4AF6A5B}.Debug|Any CPU.Build.0 = Debug|Any CPU
		{4C756EDC-E168-4942-B668-3370F4AF6A5B}.Debug|ARM.ActiveCfg = Debug|Any CPU
		{4C756EDC-E168-4942-B668-3370F4AF6A5B}.Debug|ARM.Build.0 = Debug|Any CPU
		{4C756EDC-E168-4942-B668-3370F4AF6A5B}.Debug|ARM64.ActiveCfg = Debug|Any CPU
		{4C756EDC-E168-4942-B668-3370F4AF6A5B}.Debug|ARM64.Build.0 = Debug|Any CPU
		{4C756EDC-E168-4942-B668-3370F4AF6A5B}.Debug|x64.ActiveCfg = Debug|Any CPU
		{4C756EDC-E168-4942-B668-3370F4AF6A5B}.Debug|x64.Build.0 = Debug|Any CPU
		{4C756EDC-E168-4942-B668-3370F4AF6A5B}.Debug|x86.ActiveCfg = Debug|Any CPU
		{4C756EDC-E168-4942-B668-3370F4AF6A5B}.Debug|x86.Build.0 = Debug|Any CPU
		{4C756EDC-E168-4942-B668-3370F4AF6A5B}.Release|Any CPU.ActiveCfg = Release|Any CPU
		{4C756EDC-E168-4942-B668-3370F4AF6A5B}.Release|Any CPU.Build.0 = Release|Any CPU
		{4C756EDC-E168-4942-B668-3370F4AF6A5B}.Release|ARM.ActiveCfg = Release|Any CPU
		{4C756EDC-E168-4942-B668-3370F4AF6A5B}.Release|ARM.Build.0 = Release|Any CPU
		{4C756EDC-E168-4942-B668-3370F4AF6A5B}.Release|ARM64.ActiveCfg = Release|Any CPU
		{4C756EDC-E168-4942-B668-3370F4AF6A5B}.Release|ARM64.Build.0 = Release|Any CPU
		{4C756EDC-E168-4942-B668-3370F4AF6A5B}.Release|x64.ActiveCfg = Release|Any CPU
		{4C756EDC-E168-4942-B668-3370F4AF6A5B}.Release|x64.Build.0 = Release|Any CPU
		{4C756EDC-E168-4942-B668-3370F4AF6A5B}.Release|x86.ActiveCfg = Release|Any CPU
		{4C756EDC-E168-4942-B668-3370F4AF6A5B}.Release|x86.Build.0 = Release|Any CPU
		{2B06ACC3-6614-4DC9-9269-9D71197284E0}.Debug|Any CPU.ActiveCfg = Debug|Any CPU
		{2B06ACC3-6614-4DC9-9269-9D71197284E0}.Debug|Any CPU.Build.0 = Debug|Any CPU
		{2B06ACC3-6614-4DC9-9269-9D71197284E0}.Debug|ARM.ActiveCfg = Debug|Any CPU
		{2B06ACC3-6614-4DC9-9269-9D71197284E0}.Debug|ARM.Build.0 = Debug|Any CPU
		{2B06ACC3-6614-4DC9-9269-9D71197284E0}.Debug|ARM64.ActiveCfg = Debug|Any CPU
		{2B06ACC3-6614-4DC9-9269-9D71197284E0}.Debug|ARM64.Build.0 = Debug|Any CPU
		{2B06ACC3-6614-4DC9-9269-9D71197284E0}.Debug|x64.ActiveCfg = Debug|Any CPU
		{2B06ACC3-6614-4DC9-9269-9D71197284E0}.Debug|x64.Build.0 = Debug|Any CPU
		{2B06ACC3-6614-4DC9-9269-9D71197284E0}.Debug|x86.ActiveCfg = Debug|Any CPU
		{2B06ACC3-6614-4DC9-9269-9D71197284E0}.Debug|x86.Build.0 = Debug|Any CPU
		{2B06ACC3-6614-4DC9-9269-9D71197284E0}.Release|Any CPU.ActiveCfg = Release|Any CPU
		{2B06ACC3-6614-4DC9-9269-9D71197284E0}.Release|Any CPU.Build.0 = Release|Any CPU
		{2B06ACC3-6614-4DC9-9269-9D71197284E0}.Release|ARM.ActiveCfg = Release|Any CPU
		{2B06ACC3-6614-4DC9-9269-9D71197284E0}.Release|ARM.Build.0 = Release|Any CPU
		{2B06ACC3-6614-4DC9-9269-9D71197284E0}.Release|ARM64.ActiveCfg = Release|Any CPU
		{2B06ACC3-6614-4DC9-9269-9D71197284E0}.Release|ARM64.Build.0 = Release|Any CPU
		{2B06ACC3-6614-4DC9-9269-9D71197284E0}.Release|x64.ActiveCfg = Release|Any CPU
		{2B06ACC3-6614-4DC9-9269-9D71197284E0}.Release|x64.Build.0 = Release|Any CPU
		{2B06ACC3-6614-4DC9-9269-9D71197284E0}.Release|x86.ActiveCfg = Release|Any CPU
		{2B06ACC3-6614-4DC9-9269-9D71197284E0}.Release|x86.Build.0 = Release|Any CPU
		{5E3F18A4-F508-4B73-80C1-80F15B9EA491}.Debug|Any CPU.ActiveCfg = Debug|x86
		{5E3F18A4-F508-4B73-80C1-80F15B9EA491}.Debug|Any CPU.Build.0 = Debug|x86
		{5E3F18A4-F508-4B73-80C1-80F15B9EA491}.Debug|Any CPU.Deploy.0 = Debug|x86
		{5E3F18A4-F508-4B73-80C1-80F15B9EA491}.Debug|ARM.ActiveCfg = Debug|ARM
		{5E3F18A4-F508-4B73-80C1-80F15B9EA491}.Debug|ARM.Build.0 = Debug|ARM
		{5E3F18A4-F508-4B73-80C1-80F15B9EA491}.Debug|ARM.Deploy.0 = Debug|ARM
		{5E3F18A4-F508-4B73-80C1-80F15B9EA491}.Debug|ARM64.ActiveCfg = Debug|x64
		{5E3F18A4-F508-4B73-80C1-80F15B9EA491}.Debug|ARM64.Build.0 = Debug|x64
		{5E3F18A4-F508-4B73-80C1-80F15B9EA491}.Debug|ARM64.Deploy.0 = Debug|x64
		{5E3F18A4-F508-4B73-80C1-80F15B9EA491}.Debug|x64.ActiveCfg = Debug|x64
		{5E3F18A4-F508-4B73-80C1-80F15B9EA491}.Debug|x64.Build.0 = Debug|x64
		{5E3F18A4-F508-4B73-80C1-80F15B9EA491}.Debug|x64.Deploy.0 = Debug|x64
		{5E3F18A4-F508-4B73-80C1-80F15B9EA491}.Debug|x86.ActiveCfg = Debug|x86
		{5E3F18A4-F508-4B73-80C1-80F15B9EA491}.Debug|x86.Build.0 = Debug|x86
		{5E3F18A4-F508-4B73-80C1-80F15B9EA491}.Debug|x86.Deploy.0 = Debug|x86
		{5E3F18A4-F508-4B73-80C1-80F15B9EA491}.Release|Any CPU.ActiveCfg = Release|x86
		{5E3F18A4-F508-4B73-80C1-80F15B9EA491}.Release|ARM.ActiveCfg = Release|ARM
		{5E3F18A4-F508-4B73-80C1-80F15B9EA491}.Release|ARM.Build.0 = Release|ARM
		{5E3F18A4-F508-4B73-80C1-80F15B9EA491}.Release|ARM.Deploy.0 = Release|ARM
		{5E3F18A4-F508-4B73-80C1-80F15B9EA491}.Release|ARM64.ActiveCfg = Release|x64
		{5E3F18A4-F508-4B73-80C1-80F15B9EA491}.Release|ARM64.Build.0 = Release|x64
		{5E3F18A4-F508-4B73-80C1-80F15B9EA491}.Release|ARM64.Deploy.0 = Release|x64
		{5E3F18A4-F508-4B73-80C1-80F15B9EA491}.Release|x64.ActiveCfg = Release|x64
		{5E3F18A4-F508-4B73-80C1-80F15B9EA491}.Release|x64.Build.0 = Release|x64
		{5E3F18A4-F508-4B73-80C1-80F15B9EA491}.Release|x64.Deploy.0 = Release|x64
		{5E3F18A4-F508-4B73-80C1-80F15B9EA491}.Release|x86.ActiveCfg = Release|x86
		{5E3F18A4-F508-4B73-80C1-80F15B9EA491}.Release|x86.Build.0 = Release|x86
		{5E3F18A4-F508-4B73-80C1-80F15B9EA491}.Release|x86.Deploy.0 = Release|x86
		{E0BD5531-4CAF-43D9-BFF2-DC1EA7F58B21}.Debug|Any CPU.ActiveCfg = Debug|Any CPU
		{E0BD5531-4CAF-43D9-BFF2-DC1EA7F58B21}.Debug|Any CPU.Build.0 = Debug|Any CPU
		{E0BD5531-4CAF-43D9-BFF2-DC1EA7F58B21}.Debug|ARM.ActiveCfg = Debug|Any CPU
		{E0BD5531-4CAF-43D9-BFF2-DC1EA7F58B21}.Debug|ARM.Build.0 = Debug|Any CPU
		{E0BD5531-4CAF-43D9-BFF2-DC1EA7F58B21}.Debug|ARM64.ActiveCfg = Debug|Any CPU
		{E0BD5531-4CAF-43D9-BFF2-DC1EA7F58B21}.Debug|ARM64.Build.0 = Debug|Any CPU
		{E0BD5531-4CAF-43D9-BFF2-DC1EA7F58B21}.Debug|x64.ActiveCfg = Debug|Any CPU
		{E0BD5531-4CAF-43D9-BFF2-DC1EA7F58B21}.Debug|x64.Build.0 = Debug|Any CPU
		{E0BD5531-4CAF-43D9-BFF2-DC1EA7F58B21}.Debug|x86.ActiveCfg = Debug|Any CPU
		{E0BD5531-4CAF-43D9-BFF2-DC1EA7F58B21}.Debug|x86.Build.0 = Debug|Any CPU
		{E0BD5531-4CAF-43D9-BFF2-DC1EA7F58B21}.Release|Any CPU.ActiveCfg = Release|Any CPU
		{E0BD5531-4CAF-43D9-BFF2-DC1EA7F58B21}.Release|Any CPU.Build.0 = Release|Any CPU
		{E0BD5531-4CAF-43D9-BFF2-DC1EA7F58B21}.Release|ARM.ActiveCfg = Release|Any CPU
		{E0BD5531-4CAF-43D9-BFF2-DC1EA7F58B21}.Release|ARM.Build.0 = Release|Any CPU
		{E0BD5531-4CAF-43D9-BFF2-DC1EA7F58B21}.Release|ARM64.ActiveCfg = Release|Any CPU
		{E0BD5531-4CAF-43D9-BFF2-DC1EA7F58B21}.Release|ARM64.Build.0 = Release|Any CPU
		{E0BD5531-4CAF-43D9-BFF2-DC1EA7F58B21}.Release|x64.ActiveCfg = Release|Any CPU
		{E0BD5531-4CAF-43D9-BFF2-DC1EA7F58B21}.Release|x64.Build.0 = Release|Any CPU
		{E0BD5531-4CAF-43D9-BFF2-DC1EA7F58B21}.Release|x86.ActiveCfg = Release|Any CPU
		{E0BD5531-4CAF-43D9-BFF2-DC1EA7F58B21}.Release|x86.Build.0 = Release|Any CPU
		{3588D6E1-43FC-48E5-B5CC-D17C8A913006}.Debug|Any CPU.ActiveCfg = Debug|Any CPU
		{3588D6E1-43FC-48E5-B5CC-D17C8A913006}.Debug|Any CPU.Build.0 = Debug|Any CPU
		{3588D6E1-43FC-48E5-B5CC-D17C8A913006}.Debug|ARM.ActiveCfg = Debug|Any CPU
		{3588D6E1-43FC-48E5-B5CC-D17C8A913006}.Debug|ARM.Build.0 = Debug|Any CPU
		{3588D6E1-43FC-48E5-B5CC-D17C8A913006}.Debug|ARM64.ActiveCfg = Debug|Any CPU
		{3588D6E1-43FC-48E5-B5CC-D17C8A913006}.Debug|ARM64.Build.0 = Debug|Any CPU
		{3588D6E1-43FC-48E5-B5CC-D17C8A913006}.Debug|x64.ActiveCfg = Debug|Any CPU
		{3588D6E1-43FC-48E5-B5CC-D17C8A913006}.Debug|x64.Build.0 = Debug|Any CPU
		{3588D6E1-43FC-48E5-B5CC-D17C8A913006}.Debug|x86.ActiveCfg = Debug|Any CPU
		{3588D6E1-43FC-48E5-B5CC-D17C8A913006}.Debug|x86.Build.0 = Debug|Any CPU
		{3588D6E1-43FC-48E5-B5CC-D17C8A913006}.Release|Any CPU.ActiveCfg = Release|Any CPU
		{3588D6E1-43FC-48E5-B5CC-D17C8A913006}.Release|Any CPU.Build.0 = Release|Any CPU
		{3588D6E1-43FC-48E5-B5CC-D17C8A913006}.Release|ARM.ActiveCfg = Release|Any CPU
		{3588D6E1-43FC-48E5-B5CC-D17C8A913006}.Release|ARM.Build.0 = Release|Any CPU
		{3588D6E1-43FC-48E5-B5CC-D17C8A913006}.Release|ARM64.ActiveCfg = Release|Any CPU
		{3588D6E1-43FC-48E5-B5CC-D17C8A913006}.Release|ARM64.Build.0 = Release|Any CPU
		{3588D6E1-43FC-48E5-B5CC-D17C8A913006}.Release|x64.ActiveCfg = Release|Any CPU
		{3588D6E1-43FC-48E5-B5CC-D17C8A913006}.Release|x64.Build.0 = Release|Any CPU
		{3588D6E1-43FC-48E5-B5CC-D17C8A913006}.Release|x86.ActiveCfg = Release|Any CPU
		{3588D6E1-43FC-48E5-B5CC-D17C8A913006}.Release|x86.Build.0 = Release|Any CPU
		{2144E4E3-B5F6-4E38-8367-17D5247AB009}.Debug|Any CPU.ActiveCfg = Debug|Any CPU
		{2144E4E3-B5F6-4E38-8367-17D5247AB009}.Debug|Any CPU.Build.0 = Debug|Any CPU
		{2144E4E3-B5F6-4E38-8367-17D5247AB009}.Debug|Any CPU.Deploy.0 = Debug|Any CPU
		{2144E4E3-B5F6-4E38-8367-17D5247AB009}.Debug|ARM.ActiveCfg = Debug|Any CPU
		{2144E4E3-B5F6-4E38-8367-17D5247AB009}.Debug|ARM.Build.0 = Debug|Any CPU
		{2144E4E3-B5F6-4E38-8367-17D5247AB009}.Debug|ARM.Deploy.0 = Debug|Any CPU
		{2144E4E3-B5F6-4E38-8367-17D5247AB009}.Debug|ARM64.ActiveCfg = Debug|Any CPU
		{2144E4E3-B5F6-4E38-8367-17D5247AB009}.Debug|ARM64.Build.0 = Debug|Any CPU
		{2144E4E3-B5F6-4E38-8367-17D5247AB009}.Debug|ARM64.Deploy.0 = Debug|Any CPU
		{2144E4E3-B5F6-4E38-8367-17D5247AB009}.Debug|x64.ActiveCfg = Debug|Any CPU
		{2144E4E3-B5F6-4E38-8367-17D5247AB009}.Debug|x64.Build.0 = Debug|Any CPU
		{2144E4E3-B5F6-4E38-8367-17D5247AB009}.Debug|x64.Deploy.0 = Debug|Any CPU
		{2144E4E3-B5F6-4E38-8367-17D5247AB009}.Debug|x86.ActiveCfg = Debug|Any CPU
		{2144E4E3-B5F6-4E38-8367-17D5247AB009}.Debug|x86.Build.0 = Debug|Any CPU
		{2144E4E3-B5F6-4E38-8367-17D5247AB009}.Debug|x86.Deploy.0 = Debug|Any CPU
		{2144E4E3-B5F6-4E38-8367-17D5247AB009}.Release|Any CPU.ActiveCfg = Release|Any CPU
		{2144E4E3-B5F6-4E38-8367-17D5247AB009}.Release|Any CPU.Build.0 = Release|Any CPU
		{2144E4E3-B5F6-4E38-8367-17D5247AB009}.Release|ARM.ActiveCfg = Release|Any CPU
		{2144E4E3-B5F6-4E38-8367-17D5247AB009}.Release|ARM.Build.0 = Release|Any CPU
		{2144E4E3-B5F6-4E38-8367-17D5247AB009}.Release|ARM.Deploy.0 = Release|Any CPU
		{2144E4E3-B5F6-4E38-8367-17D5247AB009}.Release|ARM64.ActiveCfg = Release|Any CPU
		{2144E4E3-B5F6-4E38-8367-17D5247AB009}.Release|ARM64.Build.0 = Release|Any CPU
		{2144E4E3-B5F6-4E38-8367-17D5247AB009}.Release|ARM64.Deploy.0 = Release|Any CPU
		{2144E4E3-B5F6-4E38-8367-17D5247AB009}.Release|x64.ActiveCfg = Release|Any CPU
		{2144E4E3-B5F6-4E38-8367-17D5247AB009}.Release|x64.Build.0 = Release|Any CPU
		{2144E4E3-B5F6-4E38-8367-17D5247AB009}.Release|x86.ActiveCfg = Release|Any CPU
		{2144E4E3-B5F6-4E38-8367-17D5247AB009}.Release|x86.Build.0 = Release|Any CPU
		{F72F5EB3-0BDF-44F7-84B0-56017E32E8B8}.Debug|Any CPU.ActiveCfg = Debug|x64
		{F72F5EB3-0BDF-44F7-84B0-56017E32E8B8}.Debug|Any CPU.Build.0 = Debug|x64
		{F72F5EB3-0BDF-44F7-84B0-56017E32E8B8}.Debug|Any CPU.Deploy.0 = Debug|x64
		{F72F5EB3-0BDF-44F7-84B0-56017E32E8B8}.Debug|ARM.ActiveCfg = Debug|x64
		{F72F5EB3-0BDF-44F7-84B0-56017E32E8B8}.Debug|ARM.Build.0 = Debug|x64
		{F72F5EB3-0BDF-44F7-84B0-56017E32E8B8}.Debug|ARM.Deploy.0 = Debug|x64
		{F72F5EB3-0BDF-44F7-84B0-56017E32E8B8}.Debug|ARM64.ActiveCfg = Debug|ARM64
		{F72F5EB3-0BDF-44F7-84B0-56017E32E8B8}.Debug|ARM64.Build.0 = Debug|ARM64
		{F72F5EB3-0BDF-44F7-84B0-56017E32E8B8}.Debug|ARM64.Deploy.0 = Debug|ARM64
		{F72F5EB3-0BDF-44F7-84B0-56017E32E8B8}.Debug|x64.ActiveCfg = Debug|x64
		{F72F5EB3-0BDF-44F7-84B0-56017E32E8B8}.Debug|x64.Build.0 = Debug|x64
		{F72F5EB3-0BDF-44F7-84B0-56017E32E8B8}.Debug|x64.Deploy.0 = Debug|x64
		{F72F5EB3-0BDF-44F7-84B0-56017E32E8B8}.Debug|x86.ActiveCfg = Debug|x86
		{F72F5EB3-0BDF-44F7-84B0-56017E32E8B8}.Debug|x86.Build.0 = Debug|x86
		{F72F5EB3-0BDF-44F7-84B0-56017E32E8B8}.Debug|x86.Deploy.0 = Debug|x86
		{F72F5EB3-0BDF-44F7-84B0-56017E32E8B8}.Release|Any CPU.ActiveCfg = Release|x64
		{F72F5EB3-0BDF-44F7-84B0-56017E32E8B8}.Release|Any CPU.Build.0 = Release|x64
		{F72F5EB3-0BDF-44F7-84B0-56017E32E8B8}.Release|Any CPU.Deploy.0 = Release|x64
		{F72F5EB3-0BDF-44F7-84B0-56017E32E8B8}.Release|ARM.ActiveCfg = Release|x64
		{F72F5EB3-0BDF-44F7-84B0-56017E32E8B8}.Release|ARM.Build.0 = Release|x64
		{F72F5EB3-0BDF-44F7-84B0-56017E32E8B8}.Release|ARM.Deploy.0 = Release|x64
		{F72F5EB3-0BDF-44F7-84B0-56017E32E8B8}.Release|ARM64.ActiveCfg = Release|ARM64
		{F72F5EB3-0BDF-44F7-84B0-56017E32E8B8}.Release|ARM64.Build.0 = Release|ARM64
		{F72F5EB3-0BDF-44F7-84B0-56017E32E8B8}.Release|ARM64.Deploy.0 = Release|ARM64
		{F72F5EB3-0BDF-44F7-84B0-56017E32E8B8}.Release|x64.ActiveCfg = Release|x64
		{F72F5EB3-0BDF-44F7-84B0-56017E32E8B8}.Release|x64.Build.0 = Release|x64
		{F72F5EB3-0BDF-44F7-84B0-56017E32E8B8}.Release|x64.Deploy.0 = Release|x64
		{F72F5EB3-0BDF-44F7-84B0-56017E32E8B8}.Release|x86.ActiveCfg = Release|x86
		{F72F5EB3-0BDF-44F7-84B0-56017E32E8B8}.Release|x86.Build.0 = Release|x86
		{F72F5EB3-0BDF-44F7-84B0-56017E32E8B8}.Release|x86.Deploy.0 = Release|x86
		{52F64033-CEAF-4ECA-9FAB-4CC376F17CD3}.Debug|Any CPU.ActiveCfg = Debug|x64
		{52F64033-CEAF-4ECA-9FAB-4CC376F17CD3}.Debug|Any CPU.Build.0 = Debug|x64
		{52F64033-CEAF-4ECA-9FAB-4CC376F17CD3}.Debug|Any CPU.Deploy.0 = Debug|x64
		{52F64033-CEAF-4ECA-9FAB-4CC376F17CD3}.Debug|ARM.ActiveCfg = Debug|ARM
		{52F64033-CEAF-4ECA-9FAB-4CC376F17CD3}.Debug|ARM.Build.0 = Debug|ARM
		{52F64033-CEAF-4ECA-9FAB-4CC376F17CD3}.Debug|ARM.Deploy.0 = Debug|ARM
		{52F64033-CEAF-4ECA-9FAB-4CC376F17CD3}.Debug|ARM64.ActiveCfg = Debug|ARM64
		{52F64033-CEAF-4ECA-9FAB-4CC376F17CD3}.Debug|ARM64.Build.0 = Debug|ARM64
		{52F64033-CEAF-4ECA-9FAB-4CC376F17CD3}.Debug|ARM64.Deploy.0 = Debug|ARM64
		{52F64033-CEAF-4ECA-9FAB-4CC376F17CD3}.Debug|x64.ActiveCfg = Debug|x64
		{52F64033-CEAF-4ECA-9FAB-4CC376F17CD3}.Debug|x64.Build.0 = Debug|x64
		{52F64033-CEAF-4ECA-9FAB-4CC376F17CD3}.Debug|x64.Deploy.0 = Debug|x64
		{52F64033-CEAF-4ECA-9FAB-4CC376F17CD3}.Debug|x86.ActiveCfg = Debug|x86
		{52F64033-CEAF-4ECA-9FAB-4CC376F17CD3}.Debug|x86.Build.0 = Debug|x86
		{52F64033-CEAF-4ECA-9FAB-4CC376F17CD3}.Debug|x86.Deploy.0 = Debug|x86
		{52F64033-CEAF-4ECA-9FAB-4CC376F17CD3}.Release|Any CPU.ActiveCfg = Release|x64
		{52F64033-CEAF-4ECA-9FAB-4CC376F17CD3}.Release|Any CPU.Build.0 = Release|x64
		{52F64033-CEAF-4ECA-9FAB-4CC376F17CD3}.Release|Any CPU.Deploy.0 = Release|x64
		{52F64033-CEAF-4ECA-9FAB-4CC376F17CD3}.Release|ARM.ActiveCfg = Release|ARM
		{52F64033-CEAF-4ECA-9FAB-4CC376F17CD3}.Release|ARM.Build.0 = Release|ARM
		{52F64033-CEAF-4ECA-9FAB-4CC376F17CD3}.Release|ARM.Deploy.0 = Release|ARM
		{52F64033-CEAF-4ECA-9FAB-4CC376F17CD3}.Release|ARM64.ActiveCfg = Release|ARM64
		{52F64033-CEAF-4ECA-9FAB-4CC376F17CD3}.Release|ARM64.Build.0 = Release|ARM64
		{52F64033-CEAF-4ECA-9FAB-4CC376F17CD3}.Release|ARM64.Deploy.0 = Release|ARM64
		{52F64033-CEAF-4ECA-9FAB-4CC376F17CD3}.Release|x64.ActiveCfg = Release|x64
		{52F64033-CEAF-4ECA-9FAB-4CC376F17CD3}.Release|x64.Build.0 = Release|x64
		{52F64033-CEAF-4ECA-9FAB-4CC376F17CD3}.Release|x64.Deploy.0 = Release|x64
		{52F64033-CEAF-4ECA-9FAB-4CC376F17CD3}.Release|x86.ActiveCfg = Release|x86
		{52F64033-CEAF-4ECA-9FAB-4CC376F17CD3}.Release|x86.Build.0 = Release|x86
		{52F64033-CEAF-4ECA-9FAB-4CC376F17CD3}.Release|x86.Deploy.0 = Release|x86
		{85AF91CC-25CF-4A2A-B18A-3A7D2A133D2E}.Debug|Any CPU.ActiveCfg = Debug|Any CPU
		{85AF91CC-25CF-4A2A-B18A-3A7D2A133D2E}.Debug|Any CPU.Build.0 = Debug|Any CPU
		{85AF91CC-25CF-4A2A-B18A-3A7D2A133D2E}.Debug|ARM.ActiveCfg = Debug|Any CPU
		{85AF91CC-25CF-4A2A-B18A-3A7D2A133D2E}.Debug|ARM.Build.0 = Debug|Any CPU
		{85AF91CC-25CF-4A2A-B18A-3A7D2A133D2E}.Debug|ARM64.ActiveCfg = Debug|Any CPU
		{85AF91CC-25CF-4A2A-B18A-3A7D2A133D2E}.Debug|ARM64.Build.0 = Debug|Any CPU
		{85AF91CC-25CF-4A2A-B18A-3A7D2A133D2E}.Debug|x64.ActiveCfg = Debug|Any CPU
		{85AF91CC-25CF-4A2A-B18A-3A7D2A133D2E}.Debug|x64.Build.0 = Debug|Any CPU
		{85AF91CC-25CF-4A2A-B18A-3A7D2A133D2E}.Debug|x86.ActiveCfg = Debug|Any CPU
		{85AF91CC-25CF-4A2A-B18A-3A7D2A133D2E}.Debug|x86.Build.0 = Debug|Any CPU
		{85AF91CC-25CF-4A2A-B18A-3A7D2A133D2E}.Release|Any CPU.ActiveCfg = Release|Any CPU
		{85AF91CC-25CF-4A2A-B18A-3A7D2A133D2E}.Release|Any CPU.Build.0 = Release|Any CPU
		{85AF91CC-25CF-4A2A-B18A-3A7D2A133D2E}.Release|ARM.ActiveCfg = Release|Any CPU
		{85AF91CC-25CF-4A2A-B18A-3A7D2A133D2E}.Release|ARM.Build.0 = Release|Any CPU
		{85AF91CC-25CF-4A2A-B18A-3A7D2A133D2E}.Release|ARM64.ActiveCfg = Release|Any CPU
		{85AF91CC-25CF-4A2A-B18A-3A7D2A133D2E}.Release|ARM64.Build.0 = Release|Any CPU
		{85AF91CC-25CF-4A2A-B18A-3A7D2A133D2E}.Release|x64.ActiveCfg = Release|Any CPU
		{85AF91CC-25CF-4A2A-B18A-3A7D2A133D2E}.Release|x64.Build.0 = Release|Any CPU
		{85AF91CC-25CF-4A2A-B18A-3A7D2A133D2E}.Release|x86.ActiveCfg = Release|Any CPU
		{85AF91CC-25CF-4A2A-B18A-3A7D2A133D2E}.Release|x86.Build.0 = Release|Any CPU
		{C7FF7EFA-92D4-4463-BDC2-851C528C14EC}.Debug|Any CPU.ActiveCfg = Debug|Any CPU
		{C7FF7EFA-92D4-4463-BDC2-851C528C14EC}.Debug|Any CPU.Build.0 = Debug|Any CPU
		{C7FF7EFA-92D4-4463-BDC2-851C528C14EC}.Debug|ARM.ActiveCfg = Debug|Any CPU
		{C7FF7EFA-92D4-4463-BDC2-851C528C14EC}.Debug|ARM.Build.0 = Debug|Any CPU
		{C7FF7EFA-92D4-4463-BDC2-851C528C14EC}.Debug|ARM64.ActiveCfg = Debug|Any CPU
		{C7FF7EFA-92D4-4463-BDC2-851C528C14EC}.Debug|ARM64.Build.0 = Debug|Any CPU
		{C7FF7EFA-92D4-4463-BDC2-851C528C14EC}.Debug|x64.ActiveCfg = Debug|Any CPU
		{C7FF7EFA-92D4-4463-BDC2-851C528C14EC}.Debug|x64.Build.0 = Debug|Any CPU
		{C7FF7EFA-92D4-4463-BDC2-851C528C14EC}.Debug|x86.ActiveCfg = Debug|Any CPU
		{C7FF7EFA-92D4-4463-BDC2-851C528C14EC}.Debug|x86.Build.0 = Debug|Any CPU
		{C7FF7EFA-92D4-4463-BDC2-851C528C14EC}.Release|Any CPU.ActiveCfg = Release|Any CPU
		{C7FF7EFA-92D4-4463-BDC2-851C528C14EC}.Release|Any CPU.Build.0 = Release|Any CPU
		{C7FF7EFA-92D4-4463-BDC2-851C528C14EC}.Release|ARM.ActiveCfg = Release|Any CPU
		{C7FF7EFA-92D4-4463-BDC2-851C528C14EC}.Release|ARM.Build.0 = Release|Any CPU
		{C7FF7EFA-92D4-4463-BDC2-851C528C14EC}.Release|ARM64.ActiveCfg = Release|Any CPU
		{C7FF7EFA-92D4-4463-BDC2-851C528C14EC}.Release|ARM64.Build.0 = Release|Any CPU
		{C7FF7EFA-92D4-4463-BDC2-851C528C14EC}.Release|x64.ActiveCfg = Release|Any CPU
		{C7FF7EFA-92D4-4463-BDC2-851C528C14EC}.Release|x64.Build.0 = Release|Any CPU
		{C7FF7EFA-92D4-4463-BDC2-851C528C14EC}.Release|x86.ActiveCfg = Release|Any CPU
		{C7FF7EFA-92D4-4463-BDC2-851C528C14EC}.Release|x86.Build.0 = Release|Any CPU
		{FCC40FDB-A936-4049-883A-8ED116371D32}.Debug|Any CPU.ActiveCfg = Debug|Any CPU
		{FCC40FDB-A936-4049-883A-8ED116371D32}.Debug|Any CPU.Build.0 = Debug|Any CPU
		{FCC40FDB-A936-4049-883A-8ED116371D32}.Debug|ARM.ActiveCfg = Debug|Any CPU
		{FCC40FDB-A936-4049-883A-8ED116371D32}.Debug|ARM.Build.0 = Debug|Any CPU
		{FCC40FDB-A936-4049-883A-8ED116371D32}.Debug|ARM64.ActiveCfg = Debug|Any CPU
		{FCC40FDB-A936-4049-883A-8ED116371D32}.Debug|ARM64.Build.0 = Debug|Any CPU
		{FCC40FDB-A936-4049-883A-8ED116371D32}.Debug|x64.ActiveCfg = Debug|Any CPU
		{FCC40FDB-A936-4049-883A-8ED116371D32}.Debug|x64.Build.0 = Debug|Any CPU
		{FCC40FDB-A936-4049-883A-8ED116371D32}.Debug|x86.ActiveCfg = Debug|Any CPU
		{FCC40FDB-A936-4049-883A-8ED116371D32}.Debug|x86.Build.0 = Debug|Any CPU
		{FCC40FDB-A936-4049-883A-8ED116371D32}.Release|Any CPU.ActiveCfg = Release|Any CPU
		{FCC40FDB-A936-4049-883A-8ED116371D32}.Release|Any CPU.Build.0 = Release|Any CPU
		{FCC40FDB-A936-4049-883A-8ED116371D32}.Release|ARM.ActiveCfg = Release|Any CPU
		{FCC40FDB-A936-4049-883A-8ED116371D32}.Release|ARM.Build.0 = Release|Any CPU
		{FCC40FDB-A936-4049-883A-8ED116371D32}.Release|ARM64.ActiveCfg = Release|Any CPU
		{FCC40FDB-A936-4049-883A-8ED116371D32}.Release|ARM64.Build.0 = Release|Any CPU
		{FCC40FDB-A936-4049-883A-8ED116371D32}.Release|x64.ActiveCfg = Release|Any CPU
		{FCC40FDB-A936-4049-883A-8ED116371D32}.Release|x64.Build.0 = Release|Any CPU
		{FCC40FDB-A936-4049-883A-8ED116371D32}.Release|x86.ActiveCfg = Release|Any CPU
		{FCC40FDB-A936-4049-883A-8ED116371D32}.Release|x86.Build.0 = Release|Any CPU
		{AFB0FD4D-0F56-415B-BE8A-1FE38476C5EC}.Debug|Any CPU.ActiveCfg = Debug|Any CPU
		{AFB0FD4D-0F56-415B-BE8A-1FE38476C5EC}.Debug|Any CPU.Build.0 = Debug|Any CPU
		{AFB0FD4D-0F56-415B-BE8A-1FE38476C5EC}.Debug|ARM.ActiveCfg = Debug|Any CPU
		{AFB0FD4D-0F56-415B-BE8A-1FE38476C5EC}.Debug|ARM.Build.0 = Debug|Any CPU
		{AFB0FD4D-0F56-415B-BE8A-1FE38476C5EC}.Debug|ARM64.ActiveCfg = Debug|Any CPU
		{AFB0FD4D-0F56-415B-BE8A-1FE38476C5EC}.Debug|ARM64.Build.0 = Debug|Any CPU
		{AFB0FD4D-0F56-415B-BE8A-1FE38476C5EC}.Debug|x64.ActiveCfg = Debug|Any CPU
		{AFB0FD4D-0F56-415B-BE8A-1FE38476C5EC}.Debug|x64.Build.0 = Debug|Any CPU
		{AFB0FD4D-0F56-415B-BE8A-1FE38476C5EC}.Debug|x86.ActiveCfg = Debug|Any CPU
		{AFB0FD4D-0F56-415B-BE8A-1FE38476C5EC}.Debug|x86.Build.0 = Debug|Any CPU
		{AFB0FD4D-0F56-415B-BE8A-1FE38476C5EC}.Release|Any CPU.ActiveCfg = Release|Any CPU
		{AFB0FD4D-0F56-415B-BE8A-1FE38476C5EC}.Release|Any CPU.Build.0 = Release|Any CPU
		{AFB0FD4D-0F56-415B-BE8A-1FE38476C5EC}.Release|ARM.ActiveCfg = Release|Any CPU
		{AFB0FD4D-0F56-415B-BE8A-1FE38476C5EC}.Release|ARM.Build.0 = Release|Any CPU
		{AFB0FD4D-0F56-415B-BE8A-1FE38476C5EC}.Release|ARM64.ActiveCfg = Release|Any CPU
		{AFB0FD4D-0F56-415B-BE8A-1FE38476C5EC}.Release|ARM64.Build.0 = Release|Any CPU
		{AFB0FD4D-0F56-415B-BE8A-1FE38476C5EC}.Release|x64.ActiveCfg = Release|Any CPU
		{AFB0FD4D-0F56-415B-BE8A-1FE38476C5EC}.Release|x64.Build.0 = Release|Any CPU
		{AFB0FD4D-0F56-415B-BE8A-1FE38476C5EC}.Release|x86.ActiveCfg = Release|Any CPU
		{AFB0FD4D-0F56-415B-BE8A-1FE38476C5EC}.Release|x86.Build.0 = Release|Any CPU
		{192A06D3-AA67-463B-96F8-605779854408}.Debug|Any CPU.ActiveCfg = Debug|Any CPU
		{192A06D3-AA67-463B-96F8-605779854408}.Debug|Any CPU.Build.0 = Debug|Any CPU
		{192A06D3-AA67-463B-96F8-605779854408}.Debug|ARM.ActiveCfg = Debug|Any CPU
		{192A06D3-AA67-463B-96F8-605779854408}.Debug|ARM.Build.0 = Debug|Any CPU
		{192A06D3-AA67-463B-96F8-605779854408}.Debug|ARM64.ActiveCfg = Debug|Any CPU
		{192A06D3-AA67-463B-96F8-605779854408}.Debug|ARM64.Build.0 = Debug|Any CPU
		{192A06D3-AA67-463B-96F8-605779854408}.Debug|x64.ActiveCfg = Debug|Any CPU
		{192A06D3-AA67-463B-96F8-605779854408}.Debug|x64.Build.0 = Debug|Any CPU
		{192A06D3-AA67-463B-96F8-605779854408}.Debug|x86.ActiveCfg = Debug|Any CPU
		{192A06D3-AA67-463B-96F8-605779854408}.Debug|x86.Build.0 = Debug|Any CPU
		{192A06D3-AA67-463B-96F8-605779854408}.Release|Any CPU.ActiveCfg = Release|Any CPU
		{192A06D3-AA67-463B-96F8-605779854408}.Release|Any CPU.Build.0 = Release|Any CPU
		{192A06D3-AA67-463B-96F8-605779854408}.Release|ARM.ActiveCfg = Release|Any CPU
		{192A06D3-AA67-463B-96F8-605779854408}.Release|ARM.Build.0 = Release|Any CPU
		{192A06D3-AA67-463B-96F8-605779854408}.Release|ARM64.ActiveCfg = Release|Any CPU
		{192A06D3-AA67-463B-96F8-605779854408}.Release|ARM64.Build.0 = Release|Any CPU
		{192A06D3-AA67-463B-96F8-605779854408}.Release|x64.ActiveCfg = Release|Any CPU
		{192A06D3-AA67-463B-96F8-605779854408}.Release|x64.Build.0 = Release|Any CPU
		{192A06D3-AA67-463B-96F8-605779854408}.Release|x86.ActiveCfg = Release|Any CPU
		{192A06D3-AA67-463B-96F8-605779854408}.Release|x86.Build.0 = Release|Any CPU
		{76FC2A30-F2D1-44D1-B3D2-2B725A4826DA}.Debug|Any CPU.ActiveCfg = Debug|Any CPU
		{76FC2A30-F2D1-44D1-B3D2-2B725A4826DA}.Debug|Any CPU.Build.0 = Debug|Any CPU
		{76FC2A30-F2D1-44D1-B3D2-2B725A4826DA}.Debug|ARM.ActiveCfg = Debug|Any CPU
		{76FC2A30-F2D1-44D1-B3D2-2B725A4826DA}.Debug|ARM.Build.0 = Debug|Any CPU
		{76FC2A30-F2D1-44D1-B3D2-2B725A4826DA}.Debug|ARM64.ActiveCfg = Debug|Any CPU
		{76FC2A30-F2D1-44D1-B3D2-2B725A4826DA}.Debug|ARM64.Build.0 = Debug|Any CPU
		{76FC2A30-F2D1-44D1-B3D2-2B725A4826DA}.Debug|x64.ActiveCfg = Debug|Any CPU
		{76FC2A30-F2D1-44D1-B3D2-2B725A4826DA}.Debug|x64.Build.0 = Debug|Any CPU
		{76FC2A30-F2D1-44D1-B3D2-2B725A4826DA}.Debug|x86.ActiveCfg = Debug|Any CPU
		{76FC2A30-F2D1-44D1-B3D2-2B725A4826DA}.Debug|x86.Build.0 = Debug|Any CPU
		{76FC2A30-F2D1-44D1-B3D2-2B725A4826DA}.Release|Any CPU.ActiveCfg = Release|Any CPU
		{76FC2A30-F2D1-44D1-B3D2-2B725A4826DA}.Release|Any CPU.Build.0 = Release|Any CPU
		{76FC2A30-F2D1-44D1-B3D2-2B725A4826DA}.Release|ARM.ActiveCfg = Release|Any CPU
		{76FC2A30-F2D1-44D1-B3D2-2B725A4826DA}.Release|ARM.Build.0 = Release|Any CPU
		{76FC2A30-F2D1-44D1-B3D2-2B725A4826DA}.Release|ARM64.ActiveCfg = Release|Any CPU
		{76FC2A30-F2D1-44D1-B3D2-2B725A4826DA}.Release|ARM64.Build.0 = Release|Any CPU
		{76FC2A30-F2D1-44D1-B3D2-2B725A4826DA}.Release|x64.ActiveCfg = Release|Any CPU
		{76FC2A30-F2D1-44D1-B3D2-2B725A4826DA}.Release|x64.Build.0 = Release|Any CPU
		{76FC2A30-F2D1-44D1-B3D2-2B725A4826DA}.Release|x86.ActiveCfg = Release|Any CPU
		{76FC2A30-F2D1-44D1-B3D2-2B725A4826DA}.Release|x86.Build.0 = Release|Any CPU
		{A08518BB-1D83-4C40-9BBC-7EE7C290195D}.Debug|Any CPU.ActiveCfg = Debug|Any CPU
		{A08518BB-1D83-4C40-9BBC-7EE7C290195D}.Debug|Any CPU.Build.0 = Debug|Any CPU
		{A08518BB-1D83-4C40-9BBC-7EE7C290195D}.Debug|ARM.ActiveCfg = Debug|Any CPU
		{A08518BB-1D83-4C40-9BBC-7EE7C290195D}.Debug|ARM.Build.0 = Debug|Any CPU
		{A08518BB-1D83-4C40-9BBC-7EE7C290195D}.Debug|ARM64.ActiveCfg = Debug|Any CPU
		{A08518BB-1D83-4C40-9BBC-7EE7C290195D}.Debug|ARM64.Build.0 = Debug|Any CPU
		{A08518BB-1D83-4C40-9BBC-7EE7C290195D}.Debug|x64.ActiveCfg = Debug|Any CPU
		{A08518BB-1D83-4C40-9BBC-7EE7C290195D}.Debug|x64.Build.0 = Debug|Any CPU
		{A08518BB-1D83-4C40-9BBC-7EE7C290195D}.Debug|x86.ActiveCfg = Debug|Any CPU
		{A08518BB-1D83-4C40-9BBC-7EE7C290195D}.Debug|x86.Build.0 = Debug|Any CPU
		{A08518BB-1D83-4C40-9BBC-7EE7C290195D}.Release|Any CPU.ActiveCfg = Release|Any CPU
		{A08518BB-1D83-4C40-9BBC-7EE7C290195D}.Release|Any CPU.Build.0 = Release|Any CPU
		{A08518BB-1D83-4C40-9BBC-7EE7C290195D}.Release|ARM.ActiveCfg = Release|Any CPU
		{A08518BB-1D83-4C40-9BBC-7EE7C290195D}.Release|ARM.Build.0 = Release|Any CPU
		{A08518BB-1D83-4C40-9BBC-7EE7C290195D}.Release|ARM64.ActiveCfg = Release|Any CPU
		{A08518BB-1D83-4C40-9BBC-7EE7C290195D}.Release|ARM64.Build.0 = Release|Any CPU
		{A08518BB-1D83-4C40-9BBC-7EE7C290195D}.Release|x64.ActiveCfg = Release|Any CPU
		{A08518BB-1D83-4C40-9BBC-7EE7C290195D}.Release|x64.Build.0 = Release|Any CPU
		{A08518BB-1D83-4C40-9BBC-7EE7C290195D}.Release|x86.ActiveCfg = Release|Any CPU
		{A08518BB-1D83-4C40-9BBC-7EE7C290195D}.Release|x86.Build.0 = Release|Any CPU
		{DF3FB286-203F-4D9F-80A6-730F916AD38A}.Debug|Any CPU.ActiveCfg = Debug|Any CPU
		{DF3FB286-203F-4D9F-80A6-730F916AD38A}.Debug|Any CPU.Build.0 = Debug|Any CPU
		{DF3FB286-203F-4D9F-80A6-730F916AD38A}.Debug|ARM.ActiveCfg = Debug|Any CPU
		{DF3FB286-203F-4D9F-80A6-730F916AD38A}.Debug|ARM.Build.0 = Debug|Any CPU
		{DF3FB286-203F-4D9F-80A6-730F916AD38A}.Debug|ARM64.ActiveCfg = Debug|Any CPU
		{DF3FB286-203F-4D9F-80A6-730F916AD38A}.Debug|ARM64.Build.0 = Debug|Any CPU
		{DF3FB286-203F-4D9F-80A6-730F916AD38A}.Debug|x64.ActiveCfg = Debug|Any CPU
		{DF3FB286-203F-4D9F-80A6-730F916AD38A}.Debug|x64.Build.0 = Debug|Any CPU
		{DF3FB286-203F-4D9F-80A6-730F916AD38A}.Debug|x86.ActiveCfg = Debug|Any CPU
		{DF3FB286-203F-4D9F-80A6-730F916AD38A}.Debug|x86.Build.0 = Debug|Any CPU
		{DF3FB286-203F-4D9F-80A6-730F916AD38A}.Release|Any CPU.ActiveCfg = Release|Any CPU
		{DF3FB286-203F-4D9F-80A6-730F916AD38A}.Release|Any CPU.Build.0 = Release|Any CPU
		{DF3FB286-203F-4D9F-80A6-730F916AD38A}.Release|ARM.ActiveCfg = Release|Any CPU
		{DF3FB286-203F-4D9F-80A6-730F916AD38A}.Release|ARM.Build.0 = Release|Any CPU
		{DF3FB286-203F-4D9F-80A6-730F916AD38A}.Release|ARM64.ActiveCfg = Release|Any CPU
		{DF3FB286-203F-4D9F-80A6-730F916AD38A}.Release|ARM64.Build.0 = Release|Any CPU
		{DF3FB286-203F-4D9F-80A6-730F916AD38A}.Release|x64.ActiveCfg = Release|Any CPU
		{DF3FB286-203F-4D9F-80A6-730F916AD38A}.Release|x64.Build.0 = Release|Any CPU
		{DF3FB286-203F-4D9F-80A6-730F916AD38A}.Release|x86.ActiveCfg = Release|Any CPU
		{DF3FB286-203F-4D9F-80A6-730F916AD38A}.Release|x86.Build.0 = Release|Any CPU
		{2B884120-B513-4C50-978E-A91E7BEF949C}.Debug|Any CPU.ActiveCfg = Debug|Any CPU
		{2B884120-B513-4C50-978E-A91E7BEF949C}.Debug|Any CPU.Build.0 = Debug|Any CPU
		{2B884120-B513-4C50-978E-A91E7BEF949C}.Debug|ARM.ActiveCfg = Debug|Any CPU
		{2B884120-B513-4C50-978E-A91E7BEF949C}.Debug|ARM.Build.0 = Debug|Any CPU
		{2B884120-B513-4C50-978E-A91E7BEF949C}.Debug|ARM64.ActiveCfg = Debug|Any CPU
		{2B884120-B513-4C50-978E-A91E7BEF949C}.Debug|ARM64.Build.0 = Debug|Any CPU
		{2B884120-B513-4C50-978E-A91E7BEF949C}.Debug|x64.ActiveCfg = Debug|Any CPU
		{2B884120-B513-4C50-978E-A91E7BEF949C}.Debug|x64.Build.0 = Debug|Any CPU
		{2B884120-B513-4C50-978E-A91E7BEF949C}.Debug|x86.ActiveCfg = Debug|Any CPU
		{2B884120-B513-4C50-978E-A91E7BEF949C}.Debug|x86.Build.0 = Debug|Any CPU
		{2B884120-B513-4C50-978E-A91E7BEF949C}.Release|Any CPU.ActiveCfg = Release|Any CPU
		{2B884120-B513-4C50-978E-A91E7BEF949C}.Release|Any CPU.Build.0 = Release|Any CPU
		{2B884120-B513-4C50-978E-A91E7BEF949C}.Release|ARM.ActiveCfg = Release|Any CPU
		{2B884120-B513-4C50-978E-A91E7BEF949C}.Release|ARM.Build.0 = Release|Any CPU
		{2B884120-B513-4C50-978E-A91E7BEF949C}.Release|ARM64.ActiveCfg = Release|Any CPU
		{2B884120-B513-4C50-978E-A91E7BEF949C}.Release|ARM64.Build.0 = Release|Any CPU
		{2B884120-B513-4C50-978E-A91E7BEF949C}.Release|x64.ActiveCfg = Release|Any CPU
		{2B884120-B513-4C50-978E-A91E7BEF949C}.Release|x64.Build.0 = Release|Any CPU
		{2B884120-B513-4C50-978E-A91E7BEF949C}.Release|x86.ActiveCfg = Release|Any CPU
		{2B884120-B513-4C50-978E-A91E7BEF949C}.Release|x86.Build.0 = Release|Any CPU
		{DC7C53BC-AEDD-422B-880D-D9814F343A00}.Debug|Any CPU.ActiveCfg = Debug|Any CPU
		{DC7C53BC-AEDD-422B-880D-D9814F343A00}.Debug|Any CPU.Build.0 = Debug|Any CPU
		{DC7C53BC-AEDD-422B-880D-D9814F343A00}.Debug|ARM.ActiveCfg = Debug|Any CPU
		{DC7C53BC-AEDD-422B-880D-D9814F343A00}.Debug|ARM.Build.0 = Debug|Any CPU
		{DC7C53BC-AEDD-422B-880D-D9814F343A00}.Debug|ARM64.ActiveCfg = Debug|Any CPU
		{DC7C53BC-AEDD-422B-880D-D9814F343A00}.Debug|ARM64.Build.0 = Debug|Any CPU
		{DC7C53BC-AEDD-422B-880D-D9814F343A00}.Debug|x64.ActiveCfg = Debug|Any CPU
		{DC7C53BC-AEDD-422B-880D-D9814F343A00}.Debug|x64.Build.0 = Debug|Any CPU
		{DC7C53BC-AEDD-422B-880D-D9814F343A00}.Debug|x86.ActiveCfg = Debug|Any CPU
		{DC7C53BC-AEDD-422B-880D-D9814F343A00}.Debug|x86.Build.0 = Debug|Any CPU
		{DC7C53BC-AEDD-422B-880D-D9814F343A00}.Release|Any CPU.ActiveCfg = Release|Any CPU
		{DC7C53BC-AEDD-422B-880D-D9814F343A00}.Release|Any CPU.Build.0 = Release|Any CPU
		{DC7C53BC-AEDD-422B-880D-D9814F343A00}.Release|ARM.ActiveCfg = Release|Any CPU
		{DC7C53BC-AEDD-422B-880D-D9814F343A00}.Release|ARM.Build.0 = Release|Any CPU
		{DC7C53BC-AEDD-422B-880D-D9814F343A00}.Release|ARM64.ActiveCfg = Release|Any CPU
		{DC7C53BC-AEDD-422B-880D-D9814F343A00}.Release|ARM64.Build.0 = Release|Any CPU
		{DC7C53BC-AEDD-422B-880D-D9814F343A00}.Release|x64.ActiveCfg = Release|Any CPU
		{DC7C53BC-AEDD-422B-880D-D9814F343A00}.Release|x64.Build.0 = Release|Any CPU
		{DC7C53BC-AEDD-422B-880D-D9814F343A00}.Release|x86.ActiveCfg = Release|Any CPU
		{DC7C53BC-AEDD-422B-880D-D9814F343A00}.Release|x86.Build.0 = Release|Any CPU
	EndGlobalSection
	GlobalSection(SolutionProperties) = preSolution
		HideSolutionNode = FALSE
	EndGlobalSection
	GlobalSection(NestedProjects) = preSolution
		{5C7E00FD-1C0D-45D1-B4E8-B18C729C2FD8} = {8539C80A-72C9-4199-9B58-4F6BFD0EF04B}
		{4C756EDC-E168-4942-B668-3370F4AF6A5B} = {8D6AE562-B45D-457E-8A85-375C1E508ABC}
		{2B06ACC3-6614-4DC9-9269-9D71197284E0} = {1AC8082A-6C6E-4E67-835E-59FF41E31C67}
		{5E3F18A4-F508-4B73-80C1-80F15B9EA491} = {1AC8082A-6C6E-4E67-835E-59FF41E31C67}
		{E0BD5531-4CAF-43D9-BFF2-DC1EA7F58B21} = {D68F9785-1BCC-4BF5-AA55-2BF91E768A5E}
		{3588D6E1-43FC-48E5-B5CC-D17C8A913006} = {C85EC57B-1420-4BDA-B2DC-3F1312235ADA}
		{2144E4E3-B5F6-4E38-8367-17D5247AB009} = {32155717-746E-46F8-AAA8-93A6ED489CE0}
		{F72F5EB3-0BDF-44F7-84B0-56017E32E8B8} = {F732834A-E129-4B2B-95C1-EC9CA77DC36F}
		{52F64033-CEAF-4ECA-9FAB-4CC376F17CD3} = {04D7D30C-0D15-4A20-A126-294015A7AEBF}
		{85AF91CC-25CF-4A2A-B18A-3A7D2A133D2E} = {8D6AE562-B45D-457E-8A85-375C1E508ABC}
		{C7FF7EFA-92D4-4463-BDC2-851C528C14EC} = {8D6AE562-B45D-457E-8A85-375C1E508ABC}
		{FCC40FDB-A936-4049-883A-8ED116371D32} = {1AC8082A-6C6E-4E67-835E-59FF41E31C67}
		{AFB0FD4D-0F56-415B-BE8A-1FE38476C5EC} = {1AC8082A-6C6E-4E67-835E-59FF41E31C67}
		{192A06D3-AA67-463B-96F8-605779854408} = {F732834A-E129-4B2B-95C1-EC9CA77DC36F}
		{76FC2A30-F2D1-44D1-B3D2-2B725A4826DA} = {F732834A-E129-4B2B-95C1-EC9CA77DC36F}
		{A08518BB-1D83-4C40-9BBC-7EE7C290195D} = {04D7D30C-0D15-4A20-A126-294015A7AEBF}
		{DF3FB286-203F-4D9F-80A6-730F916AD38A} = {04D7D30C-0D15-4A20-A126-294015A7AEBF}
		{2B884120-B513-4C50-978E-A91E7BEF949C} = {32155717-746E-46F8-AAA8-93A6ED489CE0}
		{DC7C53BC-AEDD-422B-880D-D9814F343A00} = {32155717-746E-46F8-AAA8-93A6ED489CE0}
	EndGlobalSection
	GlobalSection(ExtensibilityGlobals) = postSolution
		SolutionGuid = {E41A9178-BC11-42B7-B3AD-6E400D3E528E}
	EndGlobalSection
EndGlobal
